
Microsoft Visual Studio Solution File, Format Version 12.00
# Visual Studio Version 17
VisualStudioVersion = 17.1.32210.238
MinimumVisualStudioVersion = 10.0.40219.1
Project("{FAE04EC0-301F-11D3-BF4B-00C04F79EFBC}") = "LeDrink.Web", "LeDrink.Web\LeDrink.Web.csproj", "{245AA91B-76EA-4357-B3B3-EF77D637D55E}"
EndProject
Project("{FAE04EC0-301F-11D3-BF4B-00C04F79EFBC}") = "LeDrink.DAL", "LeDrink.DAL\LeDrink.DAL.csproj", "{4917CDE7-BE96-438D-BDEE-3C502C2BD318}"
EndProject
Global
	GlobalSection(SolutionConfigurationPlatforms) = preSolution
		Debug|Any CPU = Debug|Any CPU
		Release|Any CPU = Release|Any CPU
	EndGlobalSection
	GlobalSection(ProjectConfigurationPlatforms) = postSolution
		{245AA91B-76EA-4357-B3B3-EF77D637D55E}.Debug|Any CPU.ActiveCfg = Debug|Any CPU
		{245AA91B-76EA-4357-B3B3-EF77D637D55E}.Debug|Any CPU.Build.0 = Debug|Any CPU
		{245AA91B-76EA-4357-B3B3-EF77D637D55E}.Release|Any CPU.ActiveCfg = Release|Any CPU
		{245AA91B-76EA-4357-B3B3-EF77D637D55E}.Release|Any CPU.Build.0 = Release|Any CPU
		{4917CDE7-BE96-438D-BDEE-3C502C2BD318}.Debug|Any CPU.ActiveCfg = Debug|Any CPU
		{4917CDE7-BE96-438D-BDEE-3C502C2BD318}.Debug|Any CPU.Build.0 = Debug|Any CPU
		{4917CDE7-BE96-438D-BDEE-3C502C2BD318}.Release|Any CPU.ActiveCfg = Release|Any CPU
		{4917CDE7-BE96-438D-BDEE-3C502C2BD318}.Release|Any CPU.Build.0 = Release|Any CPU
	EndGlobalSection
	GlobalSection(SolutionProperties) = preSolution
		HideSolutionNode = FALSE
	EndGlobalSection
	GlobalSection(ExtensibilityGlobals) = postSolution
		SolutionGuid = {26506280-4E37-4B0A-8921-7C436F68DCB2}
	EndGlobalSection
EndGlobal
